
Microsoft Visual Studio Solution File, Format Version 12.00
# Visual Studio Version 16
VisualStudioVersion = 16.0.32802.440
MinimumVisualStudioVersion = 10.0.40219.1
Project("{FAE04EC0-301F-11D3-BF4B-00C04F79EFBC}") = "ExemploAula1", "ExemploAula1.csproj", "{8F9E0767-370F-4BB0-AB82-64B4F9B0C31D}"
EndProject
Global
	GlobalSection(SolutionConfigurationPlatforms) = preSolution
		Debug|Any CPU = Debug|Any CPU
		Release|Any CPU = Release|Any CPU
	EndGlobalSection
	GlobalSection(ProjectConfigurationPlatforms) = postSolution
		{8F9E0767-370F-4BB0-AB82-64B4F9B0C31D}.Debug|Any CPU.ActiveCfg = Debug|Any CPU
		{8F9E0767-370F-4BB0-AB82-64B4F9B0C31D}.Debug|Any CPU.Build.0 = Debug|Any CPU
		{8F9E0767-370F-4BB0-AB82-64B4F9B0C31D}.Release|Any CPU.ActiveCfg = Release|Any CPU
		{8F9E0767-370F-4BB0-AB82-64B4F9B0C31D}.Release|Any CPU.Build.0 = Release|Any CPU
	EndGlobalSection
	GlobalSection(SolutionProperties) = preSolution
		HideSolutionNode = FALSE
	EndGlobalSection
	GlobalSection(ExtensibilityGlobals) = postSolution
		SolutionGuid = {B65FA510-9BDE-4A5D-98EE-644C9A42D084}
	EndGlobalSection
EndGlobal
